
Microsoft Visual Studio Solution File, Format Version 12.00
# Visual Studio Version 17
VisualStudioVersion = 17.14.36623.8
MinimumVisualStudioVersion = 10.0.40219.1
Project("{FAE04EC0-301F-11D3-BF4B-00C04F79EFBC}") = "JPP.PDFLibrary", "JPP.PDFLibrary\JPP.PDFLibrary.csproj", "{8227A5FF-4671-4226-A5B3-40B2E925C816}"
EndProject
Project("{FAE04EC0-301F-11D3-BF4B-00C04F79EFBC}") = "PDFiumSharp", "PDFiumSharp\PDFiumSharp.csproj", "{A1758060-B626-B897-4403-C9494CCE1471}"
EndProject
Global
	GlobalSection(SolutionConfigurationPlatforms) = preSolution
		Debug|Any CPU = Debug|Any CPU
		Release|Any CPU = Release|Any CPU
	EndGlobalSection
	GlobalSection(ProjectConfigurationPlatforms) = postSolution
		{8227A5FF-4671-4226-A5B3-40B2E925C816}.Debug|Any CPU.ActiveCfg = Debug|Any CPU
		{8227A5FF-4671-4226-A5B3-40B2E925C816}.Debug|Any CPU.Build.0 = Debug|Any CPU
		{8227A5FF-4671-4226-A5B3-40B2E925C816}.Release|Any CPU.ActiveCfg = Release|Any CPU
		{8227A5FF-4671-4226-A5B3-40B2E925C816}.Release|Any CPU.Build.0 = Release|Any CPU
		{A1758060-B626-B897-4403-C9494CCE1471}.Debug|Any CPU.ActiveCfg = Debug|Any CPU
		{A1758060-B626-B897-4403-C9494CCE1471}.Debug|Any CPU.Build.0 = Debug|Any CPU
		{A1758060-B626-B897-4403-C9494CCE1471}.Release|Any CPU.ActiveCfg = Release|Any CPU
		{A1758060-B626-B897-4403-C9494CCE1471}.Release|Any CPU.Build.0 = Release|Any CPU
	EndGlobalSection
	GlobalSection(SolutionProperties) = preSolution
		HideSolutionNode = FALSE
	EndGlobalSection
	GlobalSection(ExtensibilityGlobals) = postSolution
		SolutionGuid = {76D8CB11-DAC6-4D8D-B3B2-642F9021BE2A}
	EndGlobalSection
EndGlobal
